{
  "originHash" : "fbee62dbf54397350fe124dedc099e8b4d98f56358d81d66dd2e800d05254676",
  "pins" : [
    {
      "identity" : "mlx-swift",
      "kind" : "remoteSourceControl",
      "location" : "https://github.com/ml-explore/mlx-swift",
      "state" : {
        "revision" : "61b9e011e09a62b489f6bd647958f1555bdf2896",
        "version" : "0.31.3"
      }
    },
    {
      "identity" : "swift-numerics",
      "kind" : "remoteSourceControl",
      "location" : "https://github.com/apple/swift-numerics",
      "state" : {
        "revision" : "0c0290ff6b24942dadb83a929ffaaa1481df04a2",
        "version" : "1.1.1"
      }
    },
    {
      "identity" : "swiftnumerica",
      "kind" : "remoteSourceControl",
      "location" : "https://github.com/marcgeld/SwiftNumerica.git",
      "state" : {
        "revision" : "e4e56a1b5dc55e3c127571b96e49770b4d7cefd5",
        "version" : "0.1.0"
      }
    }
  ],
  "version" : 3
}
