{
  "originHash" : "b12da0b586148dda8cc4ed7bc98147fbdf06bb09ab1cab33f493abc7096adb31",
  "pins" : [
    {
      "identity" : "mlx-swift",
      "kind" : "remoteSourceControl",
      "location" : "https://github.com/ml-explore/mlx-swift",
      "state" : {
        "revision" : "61b9e011e09a62b489f6bd647958f1555bdf2896",
        "version" : "0.31.3"
      }
    },
    {
      "identity" : "swift-numerics",
      "kind" : "remoteSourceControl",
      "location" : "https://github.com/apple/swift-numerics",
      "state" : {
        "revision" : "0c0290ff6b24942dadb83a929ffaaa1481df04a2",
        "version" : "1.1.1"
      }
    },
    {
      "identity" : "swiftnumerica",
      "kind" : "remoteSourceControl",
      "location" : "https://github.com/marcgeld/SwiftNumerica.git",
      "state" : {
        "revision" : "45379339208652daa0dacd69e324b42fbd9bdb4b",
        "version" : "0.1.1"
      }
    }
  ],
  "version" : 3
}
